# THIS IS AN AUTOGENERATED FILE. DO NOT EDIT THIS FILE DIRECTLY.
# yarn lockfile v1


"@next/env@13.2.2":
  version "13.2.2"
  resolved "https://registry.yarnpkg.com/@next/env/-/env-13.2.2.tgz#52761a775ad9cf241a6973bd72afba6ba10a4e0c"
  integrity sha512-sBcFEJS8j2cNQemYy07TKUd8lSWj3/mzFA4GCTr/4T4LfYiw5Ep+PZ06AuFdR3z+jIZt9YqaXwUYi1J4p4yABQ==

"@next/swc-android-arm-eabi@13.2.2":
  version "13.2.2"
  resolved "https://registry.yarnpkg.com/@next/swc-android-arm-eabi/-/swc-android-arm-eabi-13.2.2.tgz#84561ccb52736a97fea82ce001f833eab4310115"
  integrity sha512-JHTnsNTl9gDQkWqggJFj6rQHK2+9lIMGolOPihfZBQAE48amVsGkYyFHbiuWnhwnYX99fCFWomARDwOtLAhzdQ==

"@next/swc-android-arm64@13.2.2":
  version "13.2.2"
  resolved "https://registry.yarnpkg.com/@next/swc-android-arm64/-/swc-android-arm64-13.2.2.tgz#aebb9664e7acf9996e02c7619ef536976a3b6bbb"
  integrity sha512-j3zfjrojWuejU7bjucwBFviN9hQkQ1HqRVYMp8PDX82LXMc2pV4uZ3e9jQ8qk3OWsA1m+luaBK8o46NvS/Tetg==

"@next/swc-darwin-arm64@13.2.2":
  version "13.2.2"
  resolved "https://registry.yarnpkg.com/@next/swc-darwin-arm64/-/swc-darwin-arm64-13.2.2.tgz#233b450f92b0ed5f2c673666973c9165b8a82883"
  integrity sha512-X66dKAq6IBmkirnsWyvncJ9i3kWkE2WrRbXGoFoEPNoyjgtV2qyLyk4ET9JIS0TJ2u01qODML6j4pKeqK8rNLA==

"@next/swc-darwin-x64@13.2.2":
  version "13.2.2"
  resolved "https://registry.yarnpkg.com/@next/swc-darwin-x64/-/swc-darwin-x64-13.2.2.tgz#5d86717ab0b76072dd04d6e516eda0d5c510268f"
  integrity sha512-jsJKzVLlCNrG/Ot9Owv8QWUymAyS+Hcf/KQsXOYtL6PgvGqBMJ931SdaBpLOuyRD+sozTIRiAPCDwVgF/62PBQ==

"@next/swc-freebsd-x64@13.2.2":
  version "13.2.2"
  resolved "https://registry.yarnpkg.com/@next/swc-freebsd-x64/-/swc-freebsd-x64-13.2.2.tgz#0caecb595eb63fe43d3346577116d5de7c19b9f1"
  integrity sha512-oToMAjhdGWSgSOimKJ9GwPxOqoBIbbVUKoFGP5Imy5UGbbsnyV2jSLGhoi2/dH1Ko5X5d1R1la/X05xNB/p6ag==

"@next/swc-linux-arm-gnueabihf@13.2.2":
  version "13.2.2"
  resolved "https://registry.yarnpkg.com/@next/swc-linux-arm-gnueabihf/-/swc-linux-arm-gnueabihf-13.2.2.tgz#db9578676d9dfd0e1e56070229d4453adf931f58"
  integrity sha512-DSgXP2kkLt+oM3fRWaa2xPAUmtTnoa+GBfV5Czbgv4htY1BKClobp7Bj909TZUswvxXJtXiW8GrJp2To5lQfmw==

"@next/swc-linux-arm64-gnu@13.2.2":
  version "13.2.2"
  resolved "https://registry.yarnpkg.com/@next/swc-linux-arm64-gnu/-/swc-linux-arm64-gnu-13.2.2.tgz#7c6a3832516b836d0610f6591b6522f318b725f9"
  integrity sha512-HR1Nf7kz5NmijCiArJTz4bjJlbWyPA3JQ3SbxnPXDMPUkECBG1p0z6y2N2+oqNouMyOriNR6TSEgh7F2tASdZg==

"@next/swc-linux-arm64-musl@13.2.2":
  version "13.2.2"
  resolved "https://registry.yarnpkg.com/@next/swc-linux-arm64-musl/-/swc-linux-arm64-musl-13.2.2.tgz#540b6a81f873e7bce9460e51d30aeef7a7c31199"
  integrity sha512-hDf08/yPZisKQ19lMHkVuQUmipmSq9QPzFmNDcV7e4QazTbIRwCC8J605EHedg+RGHS78CUwVhGQoQ2mbQ5y3w==

"@next/swc-linux-x64-gnu@13.2.2":
  version "13.2.2"
  resolved "https://registry.yarnpkg.com/@next/swc-linux-x64-gnu/-/swc-linux-x64-gnu-13.2.2.tgz#daa394a4f288abd98cf535e1b0137322364bd1c7"
  integrity sha512-9QeTU1YVhQXoVUOBXErJoExZR3XTovplMCTwB+RAtHu3oUGGs4KQFY8MoFUOmMA7CAJnKS+h1MD1T9/HDpS9PQ==

"@next/swc-linux-x64-musl@13.2.2":
  version "13.2.2"
  resolved "https://registry.yarnpkg.com/@next/swc-linux-x64-musl/-/swc-linux-x64-musl-13.2.2.tgz#056c2fcd008e3302d829dfa739a0f017b4a01e5a"
  integrity sha512-SvyejahQLY79YJFXU27AcoDbmRqdK08t7HAf5LmocLdR5fxIneg7Oim/pwcuS/w8pYqDSAiCiMO0AAxSfO5jZQ==

"@next/swc-win32-arm64-msvc@13.2.2":
  version "13.2.2"
  resolved "https://registry.yarnpkg.com/@next/swc-win32-arm64-msvc/-/swc-win32-arm64-msvc-13.2.2.tgz#3f188da59eef2ef1c99b695ea3c68cb3cb3f971f"
  integrity sha512-Av46kUBp1qtJdk/HrIHZMIARE+jcMSJLHcrs/MkbHR1p4iEXf3JkZRrdQDUKZaz/VHDYc7Qw+vUv7zmgPZJbmw==

"@next/swc-win32-ia32-msvc@13.2.2":
  version "13.2.2"
  resolved "https://registry.yarnpkg.com/@next/swc-win32-ia32-msvc/-/swc-win32-ia32-msvc-13.2.2.tgz#5873d4a7c29aff1ac75bea1f651fa9a332abb8a2"
  integrity sha512-6HvAJY7yYfU+Ast3GPM8O+BsLGAdhZV0qUwHerJo5+Yzzx0VXW+OZTJ9O6RU01HBiMiqdz7SF3Or4Vca6WZKkQ==

"@next/swc-win32-x64-msvc@13.2.2":
  version "13.2.2"
  resolved "https://registry.yarnpkg.com/@next/swc-win32-x64-msvc/-/swc-win32-x64-msvc-13.2.2.tgz#72c77c67eeafb393fbc744d530d763e5c356e0b5"
  integrity sha512-7oNoiepUMf43+/4kUdpeGGkEBd3bOQwzo4O+bq/jslHb1IrQ7b8ZF1ODQyrDd661um6q5D+0sOtyRZJpo8e1jQ==

"@swc/helpers@0.4.14":
  version "0.4.14"
  resolved "https://registry.yarnpkg.com/@swc/helpers/-/helpers-0.4.14.tgz#1352ac6d95e3617ccb7c1498ff019654f1e12a74"
  integrity sha512-4C7nX/dvpzB7za4Ql9K81xK3HPxCpHMgwTZVyf+9JQ6VUbn9jjZVN7/Nkdz/Ugzs2CSjqnL/UPXroiVBVHUWUw==
  dependencies:
    tslib "^2.4.0"

caniuse-lite@^1.0.30001406:
  version "1.0.30001458"
  resolved "https://registry.yarnpkg.com/caniuse-lite/-/caniuse-lite-1.0.30001458.tgz#871e35866b4654a7d25eccca86864f411825540c"
  integrity sha512-lQ1VlUUq5q9ro9X+5gOEyH7i3vm+AYVT1WDCVB69XOZ17KZRhnZ9J0Sqz7wTHQaLBJccNCHq8/Ww5LlOIZbB0w==

client-only@0.0.1:
  version "0.0.1"
  resolved "https://registry.yarnpkg.com/client-only/-/client-only-0.0.1.tgz#38bba5d403c41ab150bff64a95c85013cf73bca1"
  integrity sha512-IV3Ou0jSMzZrd3pZ48nLkT9DA7Ag1pnPzaiQhpW7c3RbcqqzvzzVu+L8gfqMp/8IM2MQtSiqaCxrrcfu8I8rMA==

"js-tokens@^3.0.0 || ^4.0.0":
  version "4.0.0"
  resolved "https://registry.yarnpkg.com/js-tokens/-/js-tokens-4.0.0.tgz#19203fb59991df98e3a287050d4647cdeaf32499"
  integrity sha512-RdJUflcE3cUzKiMqQgsCu06FPu9UdIJO0beYbPhHN4k6apgJtifcoCtT9bcxOpYBtpD2kCM6Sbzg4CausW/PKQ==

loose-envify@^1.1.0:
  version "1.4.0"
  resolved "https://registry.yarnpkg.com/loose-envify/-/loose-envify-1.4.0.tgz#71ee51fa7be4caec1a63839f7e682d8132d30caf"
  integrity sha512-lyuxPGr/Wfhrlem2CL/UcnUc1zcqKAImBDzukY7Y5F/yQiNdko6+fRLevlw1HgMySw7f611UIY408EtxRSoK3Q==
  dependencies:
    js-tokens "^3.0.0 || ^4.0.0"

nanoid@^3.3.4:
  version "3.3.4"
  resolved "https://registry.yarnpkg.com/nanoid/-/nanoid-3.3.4.tgz#730b67e3cd09e2deacf03c027c81c9d9dbc5e8ab"
  integrity sha512-MqBkQh/OHTS2egovRtLk45wEyNXwF+cokD+1YPf9u5VfJiRdAiRwB2froX5Co9Rh20xs4siNPm8naNotSD6RBw==

next@13.2.2:
  version "13.2.2"
  resolved "https://registry.yarnpkg.com/next/-/next-13.2.2.tgz#ee6e6ab1119fb685c598be7305725f2b5833d0e0"
  integrity sha512-dDKfGBqSxqmqx5WN9tDFg0uGUkD/LGUxR29tpe8AEmo2SwfbPWf04qyvDcKmpjt2fCzP4132BvFRZFlg+11kGw==
  dependencies:
    "@next/env" "13.2.2"
    "@swc/helpers" "0.4.14"
    caniuse-lite "^1.0.30001406"
    postcss "8.4.14"
    styled-jsx "5.1.1"
  optionalDependencies:
    "@next/swc-android-arm-eabi" "13.2.2"
    "@next/swc-android-arm64" "13.2.2"
    "@next/swc-darwin-arm64" "13.2.2"
    "@next/swc-darwin-x64" "13.2.2"
    "@next/swc-freebsd-x64" "13.2.2"
    "@next/swc-linux-arm-gnueabihf" "13.2.2"
    "@next/swc-linux-arm64-gnu" "13.2.2"
    "@next/swc-linux-arm64-musl" "13.2.2"
    "@next/swc-linux-x64-gnu" "13.2.2"
    "@next/swc-linux-x64-musl" "13.2.2"
    "@next/swc-win32-arm64-msvc" "13.2.2"
    "@next/swc-win32-ia32-msvc" "13.2.2"
    "@next/swc-win32-x64-msvc" "13.2.2"

picocolors@^1.0.0:
  version "1.0.0"
  resolved "https://registry.yarnpkg.com/picocolors/-/picocolors-1.0.0.tgz#cb5bdc74ff3f51892236eaf79d68bc44564ab81c"
  integrity sha512-1fygroTLlHu66zi26VoTDv8yRgm0Fccecssto+MhsZ0D/DGW2sm8E8AjW7NU5VVTRt5GxbeZ5qBuJr+HyLYkjQ==

postcss@8.4.14:
  version "8.4.14"
  resolved "https://registry.yarnpkg.com/postcss/-/postcss-8.4.14.tgz#ee9274d5622b4858c1007a74d76e42e56fd21caf"
  integrity sha512-E398TUmfAYFPBSdzgeieK2Y1+1cpdxJx8yXbK/m57nRhKSmk1GB2tO4lbLBtlkfPQTDKfe4Xqv1ASWPpayPEig==
  dependencies:
    nanoid "^3.3.4"
    picocolors "^1.0.0"
    source-map-js "^1.0.2"

react-dom@18.2.0:
  version "18.2.0"
  resolved "https://registry.yarnpkg.com/react-dom/-/react-dom-18.2.0.tgz#22aaf38708db2674ed9ada224ca4aa708d821e3d"
  integrity sha512-6IMTriUmvsjHUjNtEDudZfuDQUoWXVxKHhlEGSk81n4YFS+r/Kl99wXiwlVXtPBtJenozv2P+hxDsw9eA7Xo6g==
  dependencies:
    loose-envify "^1.1.0"
    scheduler "^0.23.0"

react@18.2.0:
  version "18.2.0"
  resolved "https://registry.yarnpkg.com/react/-/react-18.2.0.tgz#555bd98592883255fa00de14f1151a917b5d77d5"
  integrity sha512-/3IjMdb2L9QbBdWiW5e3P2/npwMBaU9mHCSCUzNln0ZCYbcfTsGbTJrU/kGemdH2IWmB2ioZ+zkxtmq6g09fGQ==
  dependencies:
    loose-envify "^1.1.0"

scheduler@^0.23.0:
  version "0.23.0"
  resolved "https://registry.yarnpkg.com/scheduler/-/scheduler-0.23.0.tgz#ba8041afc3d30eb206a487b6b384002e4e61fdfe"
  integrity sha512-CtuThmgHNg7zIZWAXi3AsyIzA3n4xx7aNyjwC2VJldO2LMVDhFK+63xGqq6CsJH4rTAt6/M+N4GhZiDYPx9eUw==
  dependencies:
    loose-envify "^1.1.0"

source-map-js@^1.0.2:
  version "1.0.2"
  resolved "https://registry.yarnpkg.com/source-map-js/-/source-map-js-1.0.2.tgz#adbc361d9c62df380125e7f161f71c826f1e490c"
  integrity sha512-R0XvVJ9WusLiqTCEiGCmICCMplcCkIwwR11mOSD9CR5u+IXYdiseeEuXCVAjS54zqwkLcPNnmU4OeJ6tUrWhDw==

styled-jsx@5.1.1:
  version "5.1.1"
  resolved "https://registry.yarnpkg.com/styled-jsx/-/styled-jsx-5.1.1.tgz#839a1c3aaacc4e735fed0781b8619ea5d0009d1f"
  integrity sha512-pW7uC1l4mBZ8ugbiZrcIsiIvVx1UmTfw7UkC3Um2tmfUq9Bhk8IiyEIPl6F8agHgjzku6j0xQEZbfA5uSgSaCw==
  dependencies:
    client-only "0.0.1"

tslib@^2.4.0:
  version "2.5.0"
  resolved "https://registry.yarnpkg.com/tslib/-/tslib-2.5.0.tgz#42bfed86f5787aeb41d031866c8f402429e0fddf"
  integrity sha512-336iVw3rtn2BUK7ORdIAHTyxHGRIHVReokCR3XjbckJMK7ms8FysBfhLR8IXnAgy7T0PTPNBWKiH514FOW/WSg==
